
Microsoft Visual Studio Solution File, Format Version 12.00
# Visual Studio Version 16
VisualStudioVersion = 16.0.31702.278
MinimumVisualStudioVersion = 10.0.40219.1
Project("{FAE04EC0-301F-11D3-BF4B-00C04F79EFBC}") = "Prodavnica_Filmova2", "Prodavnica_Filmova2\Prodavnica_Filmova2.csproj", "{28507CF1-6FAE-4EE5-8974-4DBF3AAD9A5F}"
EndProject
Global
	GlobalSection(SolutionConfigurationPlatforms) = preSolution
		Debug|Any CPU = Debug|Any CPU
		Release|Any CPU = Release|Any CPU
	EndGlobalSection
	GlobalSection(ProjectConfigurationPlatforms) = postSolution
		{28507CF1-6FAE-4EE5-8974-4DBF3AAD9A5F}.Debug|Any CPU.ActiveCfg = Debug|Any CPU
		{28507CF1-6FAE-4EE5-8974-4DBF3AAD9A5F}.Debug|Any CPU.Build.0 = Debug|Any CPU
		{28507CF1-6FAE-4EE5-8974-4DBF3AAD9A5F}.Release|Any CPU.ActiveCfg = Release|Any CPU
		{28507CF1-6FAE-4EE5-8974-4DBF3AAD9A5F}.Release|Any CPU.Build.0 = Release|Any CPU
	EndGlobalSection
	GlobalSection(SolutionProperties) = preSolution
		HideSolutionNode = FALSE
	EndGlobalSection
	GlobalSection(ExtensibilityGlobals) = postSolution
		SolutionGuid = {25327D19-3E51-4D42-A4A8-9550CECDC66D}
	EndGlobalSection
EndGlobal
